// !$*UTF8*$!
{
	archiveVersion = 1;
	classes = {
	};
	objectVersion = 46;
	objects = {

/* Begin PBXBuildFile section */
		8B9E2BB4178EFFC5009AD452 /* UIKit.framework in Frameworks */ = {isa = PBXBuildFile; fileRef = 8B9E2BB3178EFFC5009AD452 /* UIKit.framework */; };
		8B9E2BB6178EFFC5009AD452 /* Foundation.framework in Frameworks */ = {isa = PBXBuildFile; fileRef = 8B9E2BB5178EFFC5009AD452 /* Foundation.framework */; };
		8B9E2BB8178EFFC5009AD452 /* CoreGraphics.framework in Frameworks */ = {isa = PBXBuildFile; fileRef = 8B9E2BB7178EFFC5009AD452 /* CoreGraphics.framework */; };
		8B9E2BBE178EFFC5009AD452 /* InfoPlist.strings in Resources */ = {isa = PBXBuildFile; fileRef = 8B9E2BBC178EFFC5009AD452 /* InfoPlist.strings */; };
		8B9E2BC0178EFFC5009AD452 /* main.m in Sources */ = {isa = PBXBuildFile; fileRef = 8B9E2BBF178EFFC5009AD452 /* main.m */; };
		8B9E2BC4178EFFC5009AD452 /* AppDelegate.m in Sources */ = {isa = PBXBuildFile; fileRef = 8B9E2BC3178EFFC5009AD452 /* AppDelegate.m */; };
		8B9E2BC6178EFFC5009AD452 /* Default.png in Resources */ = {isa = PBXBuildFile; fileRef = 8B9E2BC5178EFFC5009AD452 /* Default.png */; };
		8B9E2BC8178EFFC5009AD452 /* Default@2x.png in Resources */ = {isa = PBXBuildFile; fileRef = 8B9E2BC7178EFFC5009AD452 /* Default@2x.png */; };
		8B9E2BCA178EFFC6009AD452 /* Default-568h@2x.png in Resources */ = {isa = PBXBuildFile; fileRef = 8B9E2BC9178EFFC6009AD452 /* Default-568h@2x.png */; };
		8B9E2BCD178EFFC6009AD452 /* ViewController.m in Sources */ = {isa = PBXBuildFile; fileRef = 8B9E2BCC178EFFC6009AD452 /* ViewController.m */; };
		8B9E2BD0178EFFC6009AD452 /* ViewController.xib in Resources */ = {isa = PBXBuildFile; fileRef = 8B9E2BCE178EFFC6009AD452 /* ViewController.xib */; };
/* End PBXBuildFile section */

/* Begin PBXFileReference section */
		8B9E2BB0178EFFC5009AD452 /* practiceSalesMobile.app */ = {isa = PBXFileReference; explicitFileType = wrapper.application; includeInIndex = 0; path = practiceSalesMobile.app; sourceTree = BUILT_PRODUCTS_DIR; };
		8B9E2BB3178EFFC5009AD452 /* UIKit.framework */ = {isa = PBXFileReference; lastKnownFileType = wrapper.framework; name = UIKit.framework; path = System/Library/Frameworks/UIKit.framework; sourceTree = SDKROOT; };
		8B9E2BB5178EFFC5009AD452 /* Foundation.framework */ = {isa = PBXFileReference; lastKnownFileType = wrapper.framework; name = Foundation.framework; path = System/Library/Frameworks/Foundation.framework; sourceTree = SDKROOT; };
		8B9E2BB7178EFFC5009AD452 /* CoreGraphics.framework */ = {isa = PBXFileReference; lastKnownFileType = wrapper.framework; name = CoreGraphics.framework; path = System/Library/Frameworks/CoreGraphics.framework; sourceTree = SDKROOT; };
		8B9E2BBB178EFFC5009AD452 /* practiceSalesMobile-Info.plist */ = {isa = PBXFileReference; lastKnownFileType = text.plist.xml; path = "practiceSalesMobile-Info.plist"; sourceTree = "<group>"; };
		8B9E2BBD178EFFC5009AD452 /* en */ = {isa = PBXFileReference; lastKnownFileType = text.plist.strings; name = en; path = en.lproj/InfoPlist.strings; sourceTree = "<group>"; };
		8B9E2BBF178EFFC5009AD452 /* main.m */ = {isa = PBXFileReference; lastKnownFileType = sourcecode.c.objc; path = main.m; sourceTree = "<group>"; };
		8B9E2BC1178EFFC5009AD452 /* practiceSalesMobile-Prefix.pch */ = {isa = PBXFileReference; lastKnownFileType = sourcecode.c.h; path = "practiceSalesMobile-Prefix.pch"; sourceTree = "<group>"; };
		8B9E2BC2178EFFC5009AD452 /* AppDelegate.h */ = {isa = PBXFileReference; lastKnownFileType = sourcecode.c.h; path = AppDelegate.h; sourceTree = "<group>"; };
		8B9E2BC3178EFFC5009AD452 /* AppDelegate.m */ = {isa = PBXFileReference; lastKnownFileType = sourcecode.c.objc; path = AppDelegate.m; sourceTree = "<group>"; };
		8B9E2BC5178EFFC5009AD452 /* Default.png */ = {isa = PBXFileReference; lastKnownFileType = image.png; path = Default.png; sourceTree = "<group>"; };
		8B9E2BC7178EFFC5009AD452 /* Default@2x.png */ = {isa = PBXFileReference; lastKnownFileType = image.png; path = "Default@2x.png"; sourceTree = "<group>"; };
		8B9E2BC9178EFFC6009AD452 /* Default-568h@2x.png */ = {isa = PBXFileReference; lastKnownFileType = image.png; path = "Default-568h@2x.png"; sourceTree = "<group>"; };
		8B9E2BCB178EFFC6009AD452 /* ViewController.h */ = {isa = PBXFileReference; lastKnownFileType = sourcecode.c.h; path = ViewController.h; sourceTree = "<group>"; };
		8B9E2BCC178EFFC6009AD452 /* ViewController.m */ = {isa = PBXFileReference; lastKnownFileType = sourcecode.c.objc; path = ViewController.m; sourceTree = "<group>"; };
		8B9E2BCF178EFFC6009AD452 /* en */ = {isa = PBXFileReference; lastKnownFileType = file.xib; name = en; path = en.lproj/ViewController.xib; sourceTree = "<group>"; };
/* End PBXFileReference section */

/* Begin PBXFrameworksBuildPhase section */
		8B9E2BAD178EFFC5009AD452 /* Frameworks */ = {
			isa = PBXFrameworksBuildPhase;
			buildActionMask = 2147483647;
			files = (
				8B9E2BB4178EFFC5009AD452 /* UIKit.framework in Frameworks */,
				8B9E2BB6178EFFC5009AD452 /* Foundation.framework in Frameworks */,
				8B9E2BB8178EFFC5009AD452 /* CoreGraphics.framework in Frameworks */,
			);
			runOnlyForDeploymentPostprocessing = 0;
		};
/* End PBXFrameworksBuildPhase section */

/* Begin PBXGroup section */
		8B9E2BA7178EFFC5009AD452 = {
			isa = PBXGroup;
			children = (
				8B9E2BB9178EFFC5009AD452 /* practiceSalesMobile */,
				8B9E2BB2178EFFC5009AD452 /* Frameworks */,
				8B9E2BB1178EFFC5009AD452 /* Products */,
			);
			sourceTree = "<group>";
		};
		8B9E2BB1178EFFC5009AD452 /* Products */ = {
			isa = PBXGroup;
			children = (
				8B9E2BB0178EFFC5009AD452 /* practiceSalesMobile.app */,
			);
			name = Products;
			sourceTree = "<group>";
		};
		8B9E2BB2178EFFC5009AD452 /* Frameworks */ = {
			isa = PBXGroup;
			children = (
				8B9E2BB3178EFFC5009AD452 /* UIKit.framework */,
				8B9E2BB5178EFFC5009AD452 /* Foundation.framework */,
				8B9E2BB7178EFFC5009AD452 /* CoreGraphics.framework */,
			);
			name = Frameworks;
			sourceTree = "<group>";
		};
		8B9E2BB9178EFFC5009AD452 /* practiceSalesMobile */ = {
			isa = PBXGroup;
			children = (
				8B9E2BC2178EFFC5009AD452 /* AppDelegate.h */,
				8B9E2BC3178EFFC5009AD452 /* AppDelegate.m */,
				8B9E2BCB178EFFC6009AD452 /* ViewController.h */,
				8B9E2BCC178EFFC6009AD452 /* ViewController.m */,
				8B9E2BCE178EFFC6009AD452 /* ViewController.xib */,
				8B9E2BBA178EFFC5009AD452 /* Supporting Files */,
			);
			path = practiceSalesMobile;
			sourceTree = "<group>";
		};
		8B9E2BBA178EFFC5009AD452 /* Supporting Files */ = {
			isa = PBXGroup;
			children = (
				8B9E2BBB178EFFC5009AD452 /* practiceSalesMobile-Info.plist */,
				8B9E2BBC178EFFC5009AD452 /* InfoPlist.strings */,
				8B9E2BBF178EFFC5009AD452 /* main.m */,
				8B9E2BC1178EFFC5009AD452 /* practiceSalesMobile-Prefix.pch */,
				8B9E2BC5178EFFC5009AD452 /* Default.png */,
				8B9E2BC7178EFFC5009AD452 /* Default@2x.png */,
				8B9E2BC9178EFFC6009AD452 /* Default-568h@2x.png */,
			);
			name = "Supporting Files";
			sourceTree = "<group>";
		};
/* End PBXGroup section */

/* Begin PBXNativeTarget section */
		8B9E2BAF178EFFC5009AD452 /* practiceSalesMobile */ = {
			isa = PBXNativeTarget;
			buildConfigurationList = 8B9E2BD3178EFFC6009AD452 /* Build configuration list for PBXNativeTarget "practiceSalesMobile" */;
			buildPhases = (
				8B9E2BAC178EFFC5009AD452 /* Sources */,
				8B9E2BAD178EFFC5009AD452 /* Frameworks */,
				8B9E2BAE178EFFC5009AD452 /* Resources */,
			);
			buildRules = (
			);
			dependencies = (
			);
			name = practiceSalesMobile;
			productName = practiceSalesMobile;
			productReference = 8B9E2BB0178EFFC5009AD452 /* practiceSalesMobile.app */;
			productType = "com.apple.product-type.application";
		};
/* End PBXNativeTarget section */

/* Begin PBXProject section */
		8B9E2BA8178EFFC5009AD452 /* Project object */ = {
			isa = PBXProject;
			attributes = {
				LastUpgradeCheck = 0460;
				ORGANIZATIONNAME = "Patrick James Wilson";
			};
			buildConfigurationList = 8B9E2BAB178EFFC5009AD452 /* Build configuration list for PBXProject "practiceSalesMobile" */;
			compatibilityVersion = "Xcode 3.2";
			developmentRegion = English;
			hasScannedForEncodings = 0;
			knownRegions = (
				en,
			);
			mainGroup = 8B9E2BA7178EFFC5009AD452;
			productRefGroup = 8B9E2BB1178EFFC5009AD452 /* Products */;
			projectDirPath = "";
			projectRoot = "";
			targets = (
				8B9E2BAF178EFFC5009AD452 /* practiceSalesMobile */,
			);
		};
/* End PBXProject section */

/* Begin PBXResourcesBuildPhase section */
		8B9E2BAE178EFFC5009AD452 /* Resources */ = {
			isa = PBXResourcesBuildPhase;
			buildActionMask = 2147483647;
			files = (
				8B9E2BBE178EFFC5009AD452 /* InfoPlist.strings in Resources */,
				8B9E2BC6178EFFC5009AD452 /* Default.png in Resources */,
				8B9E2BC8178EFFC5009AD452 /* Default@2x.png in Resources */,
				8B9E2BCA178EFFC6009AD452 /* Default-568h@2x.png in Resources */,
				8B9E2BD0178EFFC6009AD452 /* ViewController.xib in Resources */,
			);
			runOnlyForDeploymentPostprocessing = 0;
		};
/* End PBXResourcesBuildPhase section */

/* Begin PBXSourcesBuildPhase section */
		8B9E2BAC178EFFC5009AD452 /* Sources */ = {
			isa = PBXSourcesBuildPhase;
			buildActionMask = 2147483647;
			files = (
				8B9E2BC0178EFFC5009AD452 /* main.m in Sources */,
				8B9E2BC4178EFFC5009AD452 /* AppDelegate.m in Sources */,
				8B9E2BCD178EFFC6009AD452 /* ViewController.m in Sources */,
			);
			runOnlyForDeploymentPostprocessing = 0;
		};
/* End PBXSourcesBuildPhase section */

/* Begin PBXVariantGroup section */
		8B9E2BBC178EFFC5009AD452 /* InfoPlist.strings */ = {
			isa = PBXVariantGroup;
			children = (
				8B9E2BBD178EFFC5009AD452 /* en */,
			);
			name = InfoPlist.strings;
			sourceTree = "<group>";
		};
		8B9E2BCE178EFFC6009AD452 /* ViewController.xib */ = {
			isa = PBXVariantGroup;
			children = (
				8B9E2BCF178EFFC6009AD452 /* en */,
			);
			name = ViewController.xib;
			sourceTree = "<group>";
		};
/* End PBXVariantGroup section */

/* Begin XCBuildConfiguration section */
		8B9E2BD1178EFFC6009AD452 /* Debug */ = {
			isa = XCBuildConfiguration;
			buildSettings = {
				ALWAYS_SEARCH_USER_PATHS = NO;
				CLANG_CXX_LANGUAGE_STANDARD = "gnu++0x";
				CLANG_CXX_LIBRARY = "libc++";
				CLANG_ENABLE_OBJC_ARC = YES;
				CLANG_WARN_CONSTANT_CONVERSION = YES;
				CLANG_WARN_EMPTY_BODY = YES;
				CLANG_WARN_ENUM_CONVERSION = YES;
				CLANG_WARN_INT_CONVERSION = YES;
				CLANG_WARN__DUPLICATE_METHOD_MATCH = YES;
				"CODE_SIGN_IDENTITY[sdk=iphoneos*]" = "iPhone Developer";
				COPY_PHASE_STRIP = NO;
				GCC_C_LANGUAGE_STANDARD = gnu99;
				GCC_DYNAMIC_NO_PIC = NO;
				GCC_OPTIMIZATION_LEVEL = 0;
				GCC_PREPROCESSOR_DEFINITIONS = (
					"DEBUG=1",
					"$(inherited)",
				);
				GCC_SYMBOLS_PRIVATE_EXTERN = NO;
				GCC_WARN_ABOUT_RETURN_TYPE = YES;
				GCC_WARN_UNINITIALIZED_AUTOS = YES;
				GCC_WARN_UNUSED_VARIABLE = YES;
				IPHONEOS_DEPLOYMENT_TARGET = 6.1;
				ONLY_ACTIVE_ARCH = YES;
				SDKROOT = iphoneos;
			};
			name = Debug;
		};
		8B9E2BD2178EFFC6009AD452 /* Release */ = {
			isa = XCBuildConfiguration;
			buildSettings = {
				ALWAYS_SEARCH_USER_PATHS = NO;
				CLANG_CXX_LANGUAGE_STANDARD = "gnu++0x";
				CLANG_CXX_LIBRARY = "libc++";
				CLANG_ENABLE_OBJC_ARC = YES;
				CLANG_WARN_CONSTANT_CONVERSION = YES;
				CLANG_WARN_EMPTY_BODY = YES;
				CLANG_WARN_ENUM_CONVERSION = YES;
				CLANG_WARN_INT_CONVERSION = YES;
				CLANG_WARN__DUPLICATE_METHOD_MATCH = YES;
				"CODE_SIGN_IDENTITY[sdk=iphoneos*]" = "iPhone Developer";
				COPY_PHASE_STRIP = YES;
				GCC_C_LANGUAGE_STANDARD = gnu99;
				GCC_WARN_ABOUT_RETURN_TYPE = YES;
				GCC_WARN_UNINITIALIZED_AUTOS = YES;
				GCC_WARN_UNUSED_VARIABLE = YES;
				IPHONEOS_DEPLOYMENT_TARGET = 6.1;
				OTHER_CFLAGS = "-DNS_BLOCK_ASSERTIONS=1";
				SDKROOT = iphoneos;
				VALIDATE_PRODUCT = YES;
			};
			name = Release;
		};
		8B9E2BD4178EFFC6009AD452 /* Debug */ = {
			isa = XCBuildConfiguration;
			buildSettings = {
				GCC_PRECOMPILE_PREFIX_HEADER = YES;
				GCC_PREFIX_HEADER = "practiceSalesMobile/practiceSalesMobile-Prefix.pch";
				INFOPLIST_FILE = "practiceSalesMobile/practiceSalesMobile-Info.plist";
				PRODUCT_NAME = "$(TARGET_NAME)";
				WRAPPER_EXTENSION = app;
			};
			name = Debug;
		};
		8B9E2BD5178EFFC6009AD452 /* Release */ = {
			isa = XCBuildConfiguration;
			buildSettings = {
				GCC_PRECOMPILE_PREFIX_HEADER = YES;
				GCC_PREFIX_HEADER = "practiceSalesMobile/practiceSalesMobile-Prefix.pch";
				INFOPLIST_FILE = "practiceSalesMobile/practiceSalesMobile-Info.plist";
				PRODUCT_NAME = "$(TARGET_NAME)";
				WRAPPER_EXTENSION = app;
			};
			name = Release;
		};
/* End XCBuildConfiguration section */

/* Begin XCConfigurationList section */
		8B9E2BAB178EFFC5009AD452 /* Build configuration list for PBXProject "practiceSalesMobile" */ = {
			isa = XCConfigurationList;
			buildConfigurations = (
				8B9E2BD1178EFFC6009AD452 /* Debug */,
				8B9E2BD2178EFFC6009AD452 /* Release */,
			);
			defaultConfigurationIsVisible = 0;
			defaultConfigurationName = Release;
		};
		8B9E2BD3178EFFC6009AD452 /* Build configuration list for PBXNativeTarget "practiceSalesMobile" */ = {
			isa = XCConfigurationList;
			buildConfigurations = (
				8B9E2BD4178EFFC6009AD452 /* Debug */,
				8B9E2BD5178EFFC6009AD452 /* Release */,
			);
			defaultConfigurationIsVisible = 0;
		};
/* End XCConfigurationList section */
	};
	rootObject = 8B9E2BA8178EFFC5009AD452 /* Project object */;
}
